
Microsoft Visual Studio Solution File, Format Version 12.00
# Visual Studio 15
VisualStudioVersion = 15.0.26730.16
MinimumVisualStudioVersion = 10.0.40219.1
Project("{FAE04EC0-301F-11D3-BF4B-00C04F79EFBC}") = "AnandPatelProject", "AnandPatelProject\AnandPatelProject.csproj", "{E7E792EC-27E0-40DD-AD12-ED6214775BCB}"
EndProject
Global
	GlobalSection(SolutionConfigurationPlatforms) = preSolution
		Debug|Any CPU = Debug|Any CPU
		Release|Any CPU = Release|Any CPU
	EndGlobalSection
	GlobalSection(ProjectConfigurationPlatforms) = postSolution
		{E7E792EC-27E0-40DD-AD12-ED6214775BCB}.Debug|Any CPU.ActiveCfg = Debug|Any CPU
		{E7E792EC-27E0-40DD-AD12-ED6214775BCB}.Debug|Any CPU.Build.0 = Debug|Any CPU
		{E7E792EC-27E0-40DD-AD12-ED6214775BCB}.Release|Any CPU.ActiveCfg = Release|Any CPU
		{E7E792EC-27E0-40DD-AD12-ED6214775BCB}.Release|Any CPU.Build.0 = Release|Any CPU
	EndGlobalSection
	GlobalSection(SolutionProperties) = preSolution
		HideSolutionNode = FALSE
	EndGlobalSection
	GlobalSection(ExtensibilityGlobals) = postSolution
		SolutionGuid = {777099D3-DA11-4F1D-BE45-C1B7358D9C9C}
	EndGlobalSection
EndGlobal
